
Microsoft Visual Studio Solution File, Format Version 11.00
# Visual Studio 2010
Project("{FAE04EC0-301F-11D3-BF4B-00C04F79EFBC}") = "AttendanceRegister", "AttendanceRegister\AttendanceRegister.csproj", "{BDF86B55-F6C6-44A3-B697-1A5C1F179CF6}"
EndProject
Global
	GlobalSection(SolutionConfigurationPlatforms) = preSolution
		Debug|x86 = Debug|x86
		Release|x86 = Release|x86
	EndGlobalSection
	GlobalSection(ProjectConfigurationPlatforms) = postSolution
		{BDF86B55-F6C6-44A3-B697-1A5C1F179CF6}.Debug|x86.ActiveCfg = Debug|x86
		{BDF86B55-F6C6-44A3-B697-1A5C1F179CF6}.Debug|x86.Build.0 = Debug|x86
		{BDF86B55-F6C6-44A3-B697-1A5C1F179CF6}.Release|x86.ActiveCfg = Release|x86
		{BDF86B55-F6C6-44A3-B697-1A5C1F179CF6}.Release|x86.Build.0 = Release|x86
	EndGlobalSection
	GlobalSection(SolutionProperties) = preSolution
		HideSolutionNode = FALSE
	EndGlobalSection
EndGlobal
